
Microsoft Visual Studio Solution File, Format Version 12.00
# Visual Studio 15
VisualStudioVersion = 15.0.27004.2005
MinimumVisualStudioVersion = 10.0.40219.1
Project("{2150E333-8FDC-42A3-9474-1A3956D46DE8}") = "SDK", "SDK", "{0CE19C3C-58C6-4725-803B-B805BA1C8B17}"
EndProject
Project("{9A19103F-16F7-4668-BE54-9A1E7A4F7556}") = "Aow.Serialization", "SDK\Aow.Serialization\Aow.Serialization.csproj", "{CFC8511C-C2AF-47ED-AD8B-4C9A7B4581D2}"
EndProject
Project("{2150E333-8FDC-42A3-9474-1A3956D46DE8}") = "Utils", "Utils", "{76EA848F-FD7D-455C-9ED1-5B28E62AC39C}"
EndProject
Project("{9A19103F-16F7-4668-BE54-9A1E7A4F7556}") = "Utils.Core", "Utils\Utils.Core\Utils.Core.csproj", "{AF7183EB-D195-4F94-9743-1831D76529C6}"
EndProject
Project("{9A19103F-16F7-4668-BE54-9A1E7A4F7556}") = "Aow.Test", "SDK\Aow.Test\Aow.Test.csproj", "{A948C1A4-DD2B-4ED8-B754-0304E002F48E}"
EndProject
Global
	GlobalSection(SolutionConfigurationPlatforms) = preSolution
		Debug|Any CPU = Debug|Any CPU
		Release|Any CPU = Release|Any CPU
	EndGlobalSection
	GlobalSection(ProjectConfigurationPlatforms) = postSolution
		{CFC8511C-C2AF-47ED-AD8B-4C9A7B4581D2}.Debug|Any CPU.ActiveCfg = Debug|Any CPU
		{CFC8511C-C2AF-47ED-AD8B-4C9A7B4581D2}.Debug|Any CPU.Build.0 = Debug|Any CPU
		{CFC8511C-C2AF-47ED-AD8B-4C9A7B4581D2}.Release|Any CPU.ActiveCfg = Release|Any CPU
		{CFC8511C-C2AF-47ED-AD8B-4C9A7B4581D2}.Release|Any CPU.Build.0 = Release|Any CPU
		{AF7183EB-D195-4F94-9743-1831D76529C6}.Debug|Any CPU.ActiveCfg = Debug|Any CPU
		{AF7183EB-D195-4F94-9743-1831D76529C6}.Debug|Any CPU.Build.0 = Debug|Any CPU
		{AF7183EB-D195-4F94-9743-1831D76529C6}.Release|Any CPU.ActiveCfg = Release|Any CPU
		{AF7183EB-D195-4F94-9743-1831D76529C6}.Release|Any CPU.Build.0 = Release|Any CPU
		{A948C1A4-DD2B-4ED8-B754-0304E002F48E}.Debug|Any CPU.ActiveCfg = Debug|Any CPU
		{A948C1A4-DD2B-4ED8-B754-0304E002F48E}.Debug|Any CPU.Build.0 = Debug|Any CPU
		{A948C1A4-DD2B-4ED8-B754-0304E002F48E}.Release|Any CPU.ActiveCfg = Release|Any CPU
		{A948C1A4-DD2B-4ED8-B754-0304E002F48E}.Release|Any CPU.Build.0 = Release|Any CPU
	EndGlobalSection
	GlobalSection(SolutionProperties) = preSolution
		HideSolutionNode = FALSE
	EndGlobalSection
	GlobalSection(NestedProjects) = preSolution
		{CFC8511C-C2AF-47ED-AD8B-4C9A7B4581D2} = {0CE19C3C-58C6-4725-803B-B805BA1C8B17}
		{AF7183EB-D195-4F94-9743-1831D76529C6} = {76EA848F-FD7D-455C-9ED1-5B28E62AC39C}
		{A948C1A4-DD2B-4ED8-B754-0304E002F48E} = {0CE19C3C-58C6-4725-803B-B805BA1C8B17}
	EndGlobalSection
	GlobalSection(ExtensibilityGlobals) = postSolution
		SolutionGuid = {BB86CD07-29BB-4999-99C3-9D7D4BC63FAF}
	EndGlobalSection
EndGlobal
